<?xml version="1.0" encoding="UTF-8" standalone="yes" ?>
<CodeBlocks_project_file>
	<FileVersion major="1" minor="6" />
	<Project>
		<Option title="BankingApp" />
		<Option pch_mode="2" />
		<Option compiler="gcc" />
		<Build>
			<Target title="Debug">
				<Option output="bin/Debug/BankingApp" prefix_auto="1" extension_auto="1" />
				<Option object_output="obj/Debug/" />
				<Option type="1" />
				<Option compiler="gcc" />
				<Compiler>
					<Add option="-g" />
					<Add directory="include" />
				</Compiler>
			</Target>
			<Target title="Release">
				<Option output="bin/Release/BankingApp" prefix_auto="1" extension_auto="1" />
				<Option object_output="obj/Release/" />
				<Option type="1" />
				<Option compiler="gcc" />
				<Compiler>
					<Add option="-O2" />
					<Add directory="include" />
				</Compiler>
				<Linker>
					<Add option="-s" />
				</Linker>
			</Target>
		</Build>
		<Compiler>
			<Add option="-Wall" />
			<Add option="-fexceptions" />
		</Compiler>
		<Unit filename="include/Bank.h" />
		<Unit filename="include/Customer.h" />
		<Unit filename="include/Login.h" />
		<Unit filename="include/Prepaid.h" />
		<Unit filename="include/Run.h" />
		<Unit filename="include/Virtual_card.h" />
		<Unit filename="include/account.h" />
		<Unit filename="include/currentAcc.h" />
		<Unit filename="include/savingAcc.h" />
		<Unit filename="main.cpp" />
		<Unit filename="src/Bank.cpp" />
		<Unit filename="src/Customer.cpp" />
		<Unit filename="src/Login.cpp" />
		<Unit filename="src/Prepaid.cpp" />
		<Unit filename="src/Run.cpp" />
		<Unit filename="src/Virtual_card.cpp" />
		<Unit filename="src/account.cpp" />
		<Unit filename="src/currentAcc.cpp" />
		<Unit filename="src/savingAcc.cpp" />
		<Extensions />
	</Project>
</CodeBlocks_project_file>
